// !$*UTF8*$!
{
	archiveVersion = 1;
	classes = {
	};
	objectVersion = 46;
	objects = {

/* Begin PBXBuildFile section */
		796B4D65171D02430042E56F /* Foundation.framework in Frameworks */ = {isa = PBXBuildFile; fileRef = 796B4D64171D02430042E56F /* Foundation.framework */; };
		796B4D6A171D02430042E56F /* WebViewMagic.h in CopyFiles */ = {isa = PBXBuildFile; fileRef = 796B4D69171D02430042E56F /* WebViewMagic.h */; };
		796B4D6C171D02430042E56F /* WebViewMagic.m in Sources */ = {isa = PBXBuildFile; fileRef = 796B4D6B171D02430042E56F /* WebViewMagic.m */; };
		796B4D74171D02430042E56F /* SenTestingKit.framework in Frameworks */ = {isa = PBXBuildFile; fileRef = 796B4D73171D02430042E56F /* SenTestingKit.framework */; };
		796B4D77171D02430042E56F /* Foundation.framework in Frameworks */ = {isa = PBXBuildFile; fileRef = 796B4D64171D02430042E56F /* Foundation.framework */; };
		796B4D7A171D02430042E56F /* libWebViewMagic.a in Frameworks */ = {isa = PBXBuildFile; fileRef = 796B4D61171D02430042E56F /* libWebViewMagic.a */; };
		796B4D80171D02430042E56F /* InfoPlist.strings in Resources */ = {isa = PBXBuildFile; fileRef = 796B4D7E171D02430042E56F /* InfoPlist.strings */; };
		796B4D83171D02430042E56F /* WebViewMagicTests.m in Sources */ = {isa = PBXBuildFile; fileRef = 796B4D82171D02430042E56F /* WebViewMagicTests.m */; };
		796B4D94171D031C0042E56F /* WVMViewport.m in Sources */ = {isa = PBXBuildFile; fileRef = 796B4D93171D031C0042E56F /* WVMViewport.m */; };
		796B4D96171D04450042E56F /* UIKit.framework in Frameworks */ = {isa = PBXBuildFile; fileRef = 796B4D95171D04450042E56F /* UIKit.framework */; };
		796B4D9C171D05260042E56F /* UIWebView+WebViewMagic.m in Sources */ = {isa = PBXBuildFile; fileRef = 796B4D9B171D05250042E56F /* UIWebView+WebViewMagic.m */; };
		796B4D9E171D0FA40042E56F /* WebViewMagic.podspec in Resources */ = {isa = PBXBuildFile; fileRef = 796B4D9D171D0FA40042E56F /* WebViewMagic.podspec */; };
/* End PBXBuildFile section */

/* Begin PBXContainerItemProxy section */
		796B4D78171D02430042E56F /* PBXContainerItemProxy */ = {
			isa = PBXContainerItemProxy;
			containerPortal = 796B4D59171D02430042E56F /* Project object */;
			proxyType = 1;
			remoteGlobalIDString = 796B4D60171D02430042E56F;
			remoteInfo = WebViewMagic;
		};
/* End PBXContainerItemProxy section */

/* Begin PBXCopyFilesBuildPhase section */
		796B4D5F171D02430042E56F /* CopyFiles */ = {
			isa = PBXCopyFilesBuildPhase;
			buildActionMask = 2147483647;
			dstPath = "include/${PRODUCT_NAME}";
			dstSubfolderSpec = 16;
			files = (
				796B4D6A171D02430042E56F /* WebViewMagic.h in CopyFiles */,
			);
			runOnlyForDeploymentPostprocessing = 0;
		};
/* End PBXCopyFilesBuildPhase section */

/* Begin PBXFileReference section */
		796B4D61171D02430042E56F /* libWebViewMagic.a */ = {isa = PBXFileReference; explicitFileType = archive.ar; includeInIndex = 0; path = libWebViewMagic.a; sourceTree = BUILT_PRODUCTS_DIR; };
		796B4D64171D02430042E56F /* Foundation.framework */ = {isa = PBXFileReference; lastKnownFileType = wrapper.framework; name = Foundation.framework; path = System/Library/Frameworks/Foundation.framework; sourceTree = SDKROOT; };
		796B4D68171D02430042E56F /* WebViewMagic-Prefix.pch */ = {isa = PBXFileReference; lastKnownFileType = sourcecode.c.h; path = "WebViewMagic-Prefix.pch"; sourceTree = "<group>"; };
		796B4D69171D02430042E56F /* WebViewMagic.h */ = {isa = PBXFileReference; lastKnownFileType = sourcecode.c.h; path = WebViewMagic.h; sourceTree = "<group>"; };
		796B4D6B171D02430042E56F /* WebViewMagic.m */ = {isa = PBXFileReference; lastKnownFileType = sourcecode.c.objc; path = WebViewMagic.m; sourceTree = "<group>"; };
		796B4D72171D02430042E56F /* WebViewMagicTests.octest */ = {isa = PBXFileReference; explicitFileType = wrapper.cfbundle; includeInIndex = 0; path = WebViewMagicTests.octest; sourceTree = BUILT_PRODUCTS_DIR; };
		796B4D73171D02430042E56F /* SenTestingKit.framework */ = {isa = PBXFileReference; lastKnownFileType = wrapper.framework; name = SenTestingKit.framework; path = Library/Frameworks/SenTestingKit.framework; sourceTree = DEVELOPER_DIR; };
		796B4D7D171D02430042E56F /* WebViewMagicTests-Info.plist */ = {isa = PBXFileReference; lastKnownFileType = text.plist.xml; path = "WebViewMagicTests-Info.plist"; sourceTree = "<group>"; };
		796B4D7F171D02430042E56F /* en */ = {isa = PBXFileReference; lastKnownFileType = text.plist.strings; name = en; path = en.lproj/InfoPlist.strings; sourceTree = "<group>"; };
		796B4D81171D02430042E56F /* WebViewMagicTests.h */ = {isa = PBXFileReference; lastKnownFileType = sourcecode.c.h; path = WebViewMagicTests.h; sourceTree = "<group>"; };
		796B4D82171D02430042E56F /* WebViewMagicTests.m */ = {isa = PBXFileReference; lastKnownFileType = sourcecode.c.objc; path = WebViewMagicTests.m; sourceTree = "<group>"; };
		796B4D92171D031C0042E56F /* WVMViewport.h */ = {isa = PBXFileReference; fileEncoding = 4; lastKnownFileType = sourcecode.c.h; path = WVMViewport.h; sourceTree = "<group>"; };
		796B4D93171D031C0042E56F /* WVMViewport.m */ = {isa = PBXFileReference; fileEncoding = 4; lastKnownFileType = sourcecode.c.objc; path = WVMViewport.m; sourceTree = "<group>"; };
		796B4D95171D04450042E56F /* UIKit.framework */ = {isa = PBXFileReference; lastKnownFileType = wrapper.framework; name = UIKit.framework; path = System/Library/Frameworks/UIKit.framework; sourceTree = SDKROOT; };
		796B4D9A171D05250042E56F /* UIWebView+WebViewMagic.h */ = {isa = PBXFileReference; fileEncoding = 4; lastKnownFileType = sourcecode.c.h; path = "UIWebView+WebViewMagic.h"; sourceTree = "<group>"; };
		796B4D9B171D05250042E56F /* UIWebView+WebViewMagic.m */ = {isa = PBXFileReference; fileEncoding = 4; lastKnownFileType = sourcecode.c.objc; path = "UIWebView+WebViewMagic.m"; sourceTree = "<group>"; };
		796B4D9D171D0FA40042E56F /* WebViewMagic.podspec */ = {isa = PBXFileReference; fileEncoding = 4; lastKnownFileType = text; path = WebViewMagic.podspec; sourceTree = "<group>"; };
/* End PBXFileReference section */

/* Begin PBXFrameworksBuildPhase section */
		796B4D5E171D02430042E56F /* Frameworks */ = {
			isa = PBXFrameworksBuildPhase;
			buildActionMask = 2147483647;
			files = (
				796B4D96171D04450042E56F /* UIKit.framework in Frameworks */,
				796B4D65171D02430042E56F /* Foundation.framework in Frameworks */,
			);
			runOnlyForDeploymentPostprocessing = 0;
		};
		796B4D6E171D02430042E56F /* Frameworks */ = {
			isa = PBXFrameworksBuildPhase;
			buildActionMask = 2147483647;
			files = (
				796B4D74171D02430042E56F /* SenTestingKit.framework in Frameworks */,
				796B4D77171D02430042E56F /* Foundation.framework in Frameworks */,
				796B4D7A171D02430042E56F /* libWebViewMagic.a in Frameworks */,
			);
			runOnlyForDeploymentPostprocessing = 0;
		};
/* End PBXFrameworksBuildPhase section */

/* Begin PBXGroup section */
		796B4D58171D02420042E56F = {
			isa = PBXGroup;
			children = (
				796B4D9D171D0FA40042E56F /* WebViewMagic.podspec */,
				796B4D66171D02430042E56F /* WebViewMagic */,
				796B4D7B171D02430042E56F /* WebViewMagicTests */,
				796B4D63171D02430042E56F /* Frameworks */,
				796B4D62171D02430042E56F /* Products */,
			);
			sourceTree = "<group>";
		};
		796B4D62171D02430042E56F /* Products */ = {
			isa = PBXGroup;
			children = (
				796B4D61171D02430042E56F /* libWebViewMagic.a */,
				796B4D72171D02430042E56F /* WebViewMagicTests.octest */,
			);
			name = Products;
			sourceTree = "<group>";
		};
		796B4D63171D02430042E56F /* Frameworks */ = {
			isa = PBXGroup;
			children = (
				796B4D64171D02430042E56F /* Foundation.framework */,
				796B4D73171D02430042E56F /* SenTestingKit.framework */,
				796B4D95171D04450042E56F /* UIKit.framework */,
			);
			name = Frameworks;
			sourceTree = "<group>";
		};
		796B4D66171D02430042E56F /* WebViewMagic */ = {
			isa = PBXGroup;
			children = (
				796B4D69171D02430042E56F /* WebViewMagic.h */,
				796B4D6B171D02430042E56F /* WebViewMagic.m */,
				796B4D9A171D05250042E56F /* UIWebView+WebViewMagic.h */,
				796B4D9B171D05250042E56F /* UIWebView+WebViewMagic.m */,
				796B4D92171D031C0042E56F /* WVMViewport.h */,
				796B4D93171D031C0042E56F /* WVMViewport.m */,
				796B4D67171D02430042E56F /* Supporting Files */,
			);
			path = WebViewMagic;
			sourceTree = "<group>";
		};
		796B4D67171D02430042E56F /* Supporting Files */ = {
			isa = PBXGroup;
			children = (
				796B4D68171D02430042E56F /* WebViewMagic-Prefix.pch */,
			);
			name = "Supporting Files";
			sourceTree = "<group>";
		};
		796B4D7B171D02430042E56F /* WebViewMagicTests */ = {
			isa = PBXGroup;
			children = (
				796B4D81171D02430042E56F /* WebViewMagicTests.h */,
				796B4D82171D02430042E56F /* WebViewMagicTests.m */,
				796B4D7C171D02430042E56F /* Supporting Files */,
			);
			path = WebViewMagicTests;
			sourceTree = "<group>";
		};
		796B4D7C171D02430042E56F /* Supporting Files */ = {
			isa = PBXGroup;
			children = (
				796B4D7D171D02430042E56F /* WebViewMagicTests-Info.plist */,
				796B4D7E171D02430042E56F /* InfoPlist.strings */,
			);
			name = "Supporting Files";
			sourceTree = "<group>";
		};
/* End PBXGroup section */

/* Begin PBXNativeTarget section */
		796B4D60171D02430042E56F /* WebViewMagic */ = {
			isa = PBXNativeTarget;
			buildConfigurationList = 796B4D86171D02430042E56F /* Build configuration list for PBXNativeTarget "WebViewMagic" */;
			buildPhases = (
				796B4D5D171D02430042E56F /* Sources */,
				796B4D5E171D02430042E56F /* Frameworks */,
				796B4D5F171D02430042E56F /* CopyFiles */,
			);
			buildRules = (
			);
			dependencies = (
			);
			name = WebViewMagic;
			productName = WebViewMagic;
			productReference = 796B4D61171D02430042E56F /* libWebViewMagic.a */;
			productType = "com.apple.product-type.library.static";
		};
		796B4D71171D02430042E56F /* WebViewMagicTests */ = {
			isa = PBXNativeTarget;
			buildConfigurationList = 796B4D89171D02430042E56F /* Build configuration list for PBXNativeTarget "WebViewMagicTests" */;
			buildPhases = (
				796B4D6D171D02430042E56F /* Sources */,
				796B4D6E171D02430042E56F /* Frameworks */,
				796B4D6F171D02430042E56F /* Resources */,
				796B4D70171D02430042E56F /* ShellScript */,
			);
			buildRules = (
			);
			dependencies = (
				796B4D79171D02430042E56F /* PBXTargetDependency */,
			);
			name = WebViewMagicTests;
			productName = WebViewMagicTests;
			productReference = 796B4D72171D02430042E56F /* WebViewMagicTests.octest */;
			productType = "com.apple.product-type.bundle";
		};
/* End PBXNativeTarget section */

/* Begin PBXProject section */
		796B4D59171D02430042E56F /* Project object */ = {
			isa = PBXProject;
			attributes = {
				CLASSPREFIX = WVM;
				LastTestingUpgradeCheck = 0510;
				LastUpgradeCheck = 0460;
				ORGANIZATIONNAME = "Allogy Interactive";
			};
			buildConfigurationList = 796B4D5C171D02430042E56F /* Build configuration list for PBXProject "WebViewMagic" */;
			compatibilityVersion = "Xcode 3.2";
			developmentRegion = English;
			hasScannedForEncodings = 0;
			knownRegions = (
				en,
			);
			mainGroup = 796B4D58171D02420042E56F;
			productRefGroup = 796B4D62171D02430042E56F /* Products */;
			projectDirPath = "";
			projectRoot = "";
			targets = (
				796B4D60171D02430042E56F /* WebViewMagic */,
				796B4D71171D02430042E56F /* WebViewMagicTests */,
			);
		};
/* End PBXProject section */

/* Begin PBXResourcesBuildPhase section */
		796B4D6F171D02430042E56F /* Resources */ = {
			isa = PBXResourcesBuildPhase;
			buildActionMask = 2147483647;
			files = (
				796B4D80171D02430042E56F /* InfoPlist.strings in Resources */,
				796B4D9E171D0FA40042E56F /* WebViewMagic.podspec in Resources */,
			);
			runOnlyForDeploymentPostprocessing = 0;
		};
/* End PBXResourcesBuildPhase section */

/* Begin PBXShellScriptBuildPhase section */
		796B4D70171D02430042E56F /* ShellScript */ = {
			isa = PBXShellScriptBuildPhase;
			buildActionMask = 2147483647;
			files = (
			);
			inputPaths = (
			);
			outputPaths = (
			);
			runOnlyForDeploymentPostprocessing = 0;
			shellPath = /bin/sh;
			shellScript = "# Run the unit tests in this test bundle.\n\"${SYSTEM_DEVELOPER_DIR}/Tools/RunUnitTests\"\n";
		};
/* End PBXShellScriptBuildPhase section */

/* Begin PBXSourcesBuildPhase section */
		796B4D5D171D02430042E56F /* Sources */ = {
			isa = PBXSourcesBuildPhase;
			buildActionMask = 2147483647;
			files = (
				796B4D6C171D02430042E56F /* WebViewMagic.m in Sources */,
				796B4D94171D031C0042E56F /* WVMViewport.m in Sources */,
				796B4D9C171D05260042E56F /* UIWebView+WebViewMagic.m in Sources */,
			);
			runOnlyForDeploymentPostprocessing = 0;
		};
		796B4D6D171D02430042E56F /* Sources */ = {
			isa = PBXSourcesBuildPhase;
			buildActionMask = 2147483647;
			files = (
				796B4D83171D02430042E56F /* WebViewMagicTests.m in Sources */,
			);
			runOnlyForDeploymentPostprocessing = 0;
		};
/* End PBXSourcesBuildPhase section */

/* Begin PBXTargetDependency section */
		796B4D79171D02430042E56F /* PBXTargetDependency */ = {
			isa = PBXTargetDependency;
			target = 796B4D60171D02430042E56F /* WebViewMagic */;
			targetProxy = 796B4D78171D02430042E56F /* PBXContainerItemProxy */;
		};
/* End PBXTargetDependency section */

/* Begin PBXVariantGroup section */
		796B4D7E171D02430042E56F /* InfoPlist.strings */ = {
			isa = PBXVariantGroup;
			children = (
				796B4D7F171D02430042E56F /* en */,
			);
			name = InfoPlist.strings;
			sourceTree = "<group>";
		};
/* End PBXVariantGroup section */

/* Begin XCBuildConfiguration section */
		796B4D84171D02430042E56F /* Debug */ = {
			isa = XCBuildConfiguration;
			buildSettings = {
				ALWAYS_SEARCH_USER_PATHS = NO;
				CLANG_CXX_LANGUAGE_STANDARD = "gnu++0x";
				CLANG_CXX_LIBRARY = "libc++";
				CLANG_ENABLE_OBJC_ARC = YES;
				CLANG_WARN_CONSTANT_CONVERSION = YES;
				CLANG_WARN_EMPTY_BODY = YES;
				CLANG_WARN_ENUM_CONVERSION = YES;
				CLANG_WARN_INT_CONVERSION = YES;
				CLANG_WARN__DUPLICATE_METHOD_MATCH = YES;
				COPY_PHASE_STRIP = NO;
				GCC_C_LANGUAGE_STANDARD = gnu99;
				GCC_DYNAMIC_NO_PIC = NO;
				GCC_OPTIMIZATION_LEVEL = 0;
				GCC_PREPROCESSOR_DEFINITIONS = (
					"DEBUG=1",
					"$(inherited)",
				);
				GCC_SYMBOLS_PRIVATE_EXTERN = NO;
				GCC_WARN_ABOUT_RETURN_TYPE = YES;
				GCC_WARN_UNINITIALIZED_AUTOS = YES;
				GCC_WARN_UNUSED_VARIABLE = YES;
				IPHONEOS_DEPLOYMENT_TARGET = 6.1;
				ONLY_ACTIVE_ARCH = YES;
				SDKROOT = iphoneos;
			};
			name = Debug;
		};
		796B4D85171D02430042E56F /* Release */ = {
			isa = XCBuildConfiguration;
			buildSettings = {
				ALWAYS_SEARCH_USER_PATHS = NO;
				CLANG_CXX_LANGUAGE_STANDARD = "gnu++0x";
				CLANG_CXX_LIBRARY = "libc++";
				CLANG_ENABLE_OBJC_ARC = YES;
				CLANG_WARN_CONSTANT_CONVERSION = YES;
				CLANG_WARN_EMPTY_BODY = YES;
				CLANG_WARN_ENUM_CONVERSION = YES;
				CLANG_WARN_INT_CONVERSION = YES;
				CLANG_WARN__DUPLICATE_METHOD_MATCH = YES;
				COPY_PHASE_STRIP = YES;
				GCC_C_LANGUAGE_STANDARD = gnu99;
				GCC_WARN_ABOUT_RETURN_TYPE = YES;
				GCC_WARN_UNINITIALIZED_AUTOS = YES;
				GCC_WARN_UNUSED_VARIABLE = YES;
				IPHONEOS_DEPLOYMENT_TARGET = 6.1;
				SDKROOT = iphoneos;
				VALIDATE_PRODUCT = YES;
			};
			name = Release;
		};
		796B4D87171D02430042E56F /* Debug */ = {
			isa = XCBuildConfiguration;
			buildSettings = {
				DSTROOT = /tmp/WebViewMagic.dst;
				GCC_PRECOMPILE_PREFIX_HEADER = YES;
				GCC_PREFIX_HEADER = "WebViewMagic/WebViewMagic-Prefix.pch";
				OTHER_LDFLAGS = "-ObjC";
				PRODUCT_NAME = "$(TARGET_NAME)";
				SKIP_INSTALL = YES;
			};
			name = Debug;
		};
		796B4D88171D02430042E56F /* Release */ = {
			isa = XCBuildConfiguration;
			buildSettings = {
				DSTROOT = /tmp/WebViewMagic.dst;
				GCC_PRECOMPILE_PREFIX_HEADER = YES;
				GCC_PREFIX_HEADER = "WebViewMagic/WebViewMagic-Prefix.pch";
				OTHER_LDFLAGS = "-ObjC";
				PRODUCT_NAME = "$(TARGET_NAME)";
				SKIP_INSTALL = YES;
			};
			name = Release;
		};
		796B4D8A171D02430042E56F /* Debug */ = {
			isa = XCBuildConfiguration;
			buildSettings = {
				FRAMEWORK_SEARCH_PATHS = (
					"\"$(SDKROOT)/Developer/Library/Frameworks\"",
					"\"$(DEVELOPER_LIBRARY_DIR)/Frameworks\"",
				);
				GCC_PRECOMPILE_PREFIX_HEADER = YES;
				GCC_PREFIX_HEADER = "WebViewMagic/WebViewMagic-Prefix.pch";
				INFOPLIST_FILE = "WebViewMagicTests/WebViewMagicTests-Info.plist";
				PRODUCT_NAME = "$(TARGET_NAME)";
				WRAPPER_EXTENSION = octest;
			};
			name = Debug;
		};
		796B4D8B171D02430042E56F /* Release */ = {
			isa = XCBuildConfiguration;
			buildSettings = {
				FRAMEWORK_SEARCH_PATHS = (
					"\"$(SDKROOT)/Developer/Library/Frameworks\"",
					"\"$(DEVELOPER_LIBRARY_DIR)/Frameworks\"",
				);
				GCC_PRECOMPILE_PREFIX_HEADER = YES;
				GCC_PREFIX_HEADER = "WebViewMagic/WebViewMagic-Prefix.pch";
				INFOPLIST_FILE = "WebViewMagicTests/WebViewMagicTests-Info.plist";
				PRODUCT_NAME = "$(TARGET_NAME)";
				WRAPPER_EXTENSION = octest;
			};
			name = Release;
		};
/* End XCBuildConfiguration section */

/* Begin XCConfigurationList section */
		796B4D5C171D02430042E56F /* Build configuration list for PBXProject "WebViewMagic" */ = {
			isa = XCConfigurationList;
			buildConfigurations = (
				796B4D84171D02430042E56F /* Debug */,
				796B4D85171D02430042E56F /* Release */,
			);
			defaultConfigurationIsVisible = 0;
			defaultConfigurationName = Release;
		};
		796B4D86171D02430042E56F /* Build configuration list for PBXNativeTarget "WebViewMagic" */ = {
			isa = XCConfigurationList;
			buildConfigurations = (
				796B4D87171D02430042E56F /* Debug */,
				796B4D88171D02430042E56F /* Release */,
			);
			defaultConfigurationIsVisible = 0;
			defaultConfigurationName = Release;
		};
		796B4D89171D02430042E56F /* Build configuration list for PBXNativeTarget "WebViewMagicTests" */ = {
			isa = XCConfigurationList;
			buildConfigurations = (
				796B4D8A171D02430042E56F /* Debug */,
				796B4D8B171D02430042E56F /* Release */,
			);
			defaultConfigurationIsVisible = 0;
			defaultConfigurationName = Release;
		};
/* End XCConfigurationList section */
	};
	rootObject = 796B4D59171D02430042E56F /* Project object */;
}
